
Microsoft Visual Studio Solution File, Format Version 12.00
# Visual Studio Version 16
VisualStudioVersion = 16.0.32126.315
MinimumVisualStudioVersion = 10.0.40219.1
Project("{2150E333-8FDC-42A3-9474-1A3956D46DE8}") = "Services", "Services", "{05D25DA0-0616-4BCE-A102-588676A63CCB}"
EndProject
Project("{2150E333-8FDC-42A3-9474-1A3956D46DE8}") = "Member", "Member", "{ED4CEDC0-E22A-487D-BB40-AAF6C2A257EF}"
EndProject
Project("{9A19103F-16F7-4668-BE54-9A1E7A4F7556}") = "Member.API", "Services\Member\Member.API\Member.API.csproj", "{C4785496-A7BF-4BA7-85AC-1D84E168C339}"
EndProject
Project("{2150E333-8FDC-42A3-9474-1A3956D46DE8}") = "UserManagement", "UserManagement", "{0A569263-A8F6-4D21-81C0-841B025134D6}"
EndProject
Project("{9A19103F-16F7-4668-BE54-9A1E7A4F7556}") = "UserManagement.API", "Services\UserManagement\UserManagement.API\UserManagement.API.csproj", "{4F954D50-F5B8-4C4E-A5F1-23DDE30241EF}"
EndProject
Project("{9A19103F-16F7-4668-BE54-9A1E7A4F7556}") = "UserManagement.Application", "Services\UserManagement\UserManagement.Application\UserManagement.Application.csproj", "{326BA82A-AC04-4ED1-BE99-51CD726471B5}"
EndProject
Project("{9A19103F-16F7-4668-BE54-9A1E7A4F7556}") = "UserManagement.Domain", "Services\UserManagement\UserManagement.Domain\UserManagement.Domain.csproj", "{FE1057A1-726B-45F8-93BF-E18413CF5321}"
EndProject
Project("{9A19103F-16F7-4668-BE54-9A1E7A4F7556}") = "UserManagement.Infrastructure", "Services\UserManagement\UserManagement.Infrastructure\UserManagement.Infrastructure.csproj", "{F831087B-F6A4-4FD6-8DEA-66EE7D496194}"
EndProject
Project("{E53339B2-1760-4266-BCC7-CA923CBCF16C}") = "docker-compose", "docker-compose.dcproj", "{D9848420-87C5-4F56-8058-925CC4B1DB94}"
EndProject
Project("{2150E333-8FDC-42A3-9474-1A3956D46DE8}") = "BuildingBlocks", "BuildingBlocks", "{DD5A2BB9-194D-4A58-9406-F07F871A010B}"
EndProject
Project("{9A19103F-16F7-4668-BE54-9A1E7A4F7556}") = "EventBus.Messages", "BuildingBlocks\EventBus.Messages\EventBus.Messages.csproj", "{C8667456-B637-4C7C-BEA0-9302D2A5EE3D}"
EndProject
Project("{2150E333-8FDC-42A3-9474-1A3956D46DE8}") = "Notification", "Notification", "{3DB34D96-5A4A-4EEC-90F4-98FB595979CE}"
EndProject
Project("{9A19103F-16F7-4668-BE54-9A1E7A4F7556}") = "Notification.API", "Services\Notification\Notification.API\Notification.API.csproj", "{B1BB0DA6-AC77-4F57-BB1A-3AA3361CB223}"
EndProject
Project("{9A19103F-16F7-4668-BE54-9A1E7A4F7556}") = "Notification.Application", "Services\Notification\Notification.Application\Notification.Application.csproj", "{10B6C29E-3B2C-4DC0-AD44-DD38E2A3D20E}"
EndProject
Project("{9A19103F-16F7-4668-BE54-9A1E7A4F7556}") = "Notification.Domain", "Services\Notification\Notification.Domain\Notification.Domain.csproj", "{11C7919E-31E0-419F-9EF8-9DF137C2BCA1}"
EndProject
Project("{9A19103F-16F7-4668-BE54-9A1E7A4F7556}") = "Notification.Infrastructure", "Services\Notification\Notification.Infrastructure\Notification.Infrastructure.csproj", "{0243D4AA-7D6B-4EC5-8C69-D379F96F3A83}"
EndProject
Project("{9A19103F-16F7-4668-BE54-9A1E7A4F7556}") = "Member.Application", "Services\Member\Member.Application\Member.Application.csproj", "{1C35F3F9-9C00-4637-8297-19939565FA7A}"
EndProject
Project("{9A19103F-16F7-4668-BE54-9A1E7A4F7556}") = "Member.Domain", "Services\Member\Member.Domain\Member.Domain.csproj", "{2C7498DA-09C2-4869-9B6D-5D40F1E4AF08}"
EndProject
Project("{9A19103F-16F7-4668-BE54-9A1E7A4F7556}") = "Member.Infrastructure", "Services\Member\Member.Infrastructure\Member.Infrastructure.csproj", "{82CBADC4-4557-4640-A85F-3E2D3BCA56F0}"
EndProject
Project("{2150E333-8FDC-42A3-9474-1A3956D46DE8}") = "Order", "Order", "{41100E7C-CC3D-4C21-954D-4CD937972576}"
EndProject
Project("{9A19103F-16F7-4668-BE54-9A1E7A4F7556}") = "Order.API", "Services\Order\Order.API\Order.API.csproj", "{E3CAA77E-BB7C-41E3-9F22-E377311E5740}"
EndProject
Project("{9A19103F-16F7-4668-BE54-9A1E7A4F7556}") = "Order.Application", "Services\Order\Order.Application\Order.Application.csproj", "{588CCCD3-D65F-4B7E-9594-BD900A892705}"
EndProject
Project("{9A19103F-16F7-4668-BE54-9A1E7A4F7556}") = "Order.Domain", "Services\Order\Order.Domain\Order.Domain.csproj", "{8F28A1BE-D80F-4A3D-B32B-1C238AFC1A35}"
EndProject
Project("{9A19103F-16F7-4668-BE54-9A1E7A4F7556}") = "Order.Infrastructure", "Services\Order\Order.Infrastructure\Order.Infrastructure.csproj", "{BF917D5B-20C0-464D-888C-7208B0655188}"
EndProject
Global
	GlobalSection(SolutionConfigurationPlatforms) = preSolution
		Debug|Any CPU = Debug|Any CPU
		Release|Any CPU = Release|Any CPU
	EndGlobalSection
	GlobalSection(ProjectConfigurationPlatforms) = postSolution
		{C4785496-A7BF-4BA7-85AC-1D84E168C339}.Debug|Any CPU.ActiveCfg = Debug|Any CPU
		{C4785496-A7BF-4BA7-85AC-1D84E168C339}.Debug|Any CPU.Build.0 = Debug|Any CPU
		{C4785496-A7BF-4BA7-85AC-1D84E168C339}.Release|Any CPU.ActiveCfg = Release|Any CPU
		{C4785496-A7BF-4BA7-85AC-1D84E168C339}.Release|Any CPU.Build.0 = Release|Any CPU
		{4F954D50-F5B8-4C4E-A5F1-23DDE30241EF}.Debug|Any CPU.ActiveCfg = Debug|Any CPU
		{4F954D50-F5B8-4C4E-A5F1-23DDE30241EF}.Debug|Any CPU.Build.0 = Debug|Any CPU
		{4F954D50-F5B8-4C4E-A5F1-23DDE30241EF}.Release|Any CPU.ActiveCfg = Release|Any CPU
		{4F954D50-F5B8-4C4E-A5F1-23DDE30241EF}.Release|Any CPU.Build.0 = Release|Any CPU
		{326BA82A-AC04-4ED1-BE99-51CD726471B5}.Debug|Any CPU.ActiveCfg = Debug|Any CPU
		{326BA82A-AC04-4ED1-BE99-51CD726471B5}.Debug|Any CPU.Build.0 = Debug|Any CPU
		{326BA82A-AC04-4ED1-BE99-51CD726471B5}.Release|Any CPU.ActiveCfg = Release|Any CPU
		{326BA82A-AC04-4ED1-BE99-51CD726471B5}.Release|Any CPU.Build.0 = Release|Any CPU
		{FE1057A1-726B-45F8-93BF-E18413CF5321}.Debug|Any CPU.ActiveCfg = Debug|Any CPU
		{FE1057A1-726B-45F8-93BF-E18413CF5321}.Debug|Any CPU.Build.0 = Debug|Any CPU
		{FE1057A1-726B-45F8-93BF-E18413CF5321}.Release|Any CPU.ActiveCfg = Release|Any CPU
		{FE1057A1-726B-45F8-93BF-E18413CF5321}.Release|Any CPU.Build.0 = Release|Any CPU
		{F831087B-F6A4-4FD6-8DEA-66EE7D496194}.Debug|Any CPU.ActiveCfg = Debug|Any CPU
		{F831087B-F6A4-4FD6-8DEA-66EE7D496194}.Debug|Any CPU.Build.0 = Debug|Any CPU
		{F831087B-F6A4-4FD6-8DEA-66EE7D496194}.Release|Any CPU.ActiveCfg = Release|Any CPU
		{F831087B-F6A4-4FD6-8DEA-66EE7D496194}.Release|Any CPU.Build.0 = Release|Any CPU
		{D9848420-87C5-4F56-8058-925CC4B1DB94}.Debug|Any CPU.ActiveCfg = Debug|Any CPU
		{D9848420-87C5-4F56-8058-925CC4B1DB94}.Debug|Any CPU.Build.0 = Debug|Any CPU
		{D9848420-87C5-4F56-8058-925CC4B1DB94}.Release|Any CPU.ActiveCfg = Release|Any CPU
		{D9848420-87C5-4F56-8058-925CC4B1DB94}.Release|Any CPU.Build.0 = Release|Any CPU
		{C8667456-B637-4C7C-BEA0-9302D2A5EE3D}.Debug|Any CPU.ActiveCfg = Debug|Any CPU
		{C8667456-B637-4C7C-BEA0-9302D2A5EE3D}.Debug|Any CPU.Build.0 = Debug|Any CPU
		{C8667456-B637-4C7C-BEA0-9302D2A5EE3D}.Release|Any CPU.ActiveCfg = Release|Any CPU
		{C8667456-B637-4C7C-BEA0-9302D2A5EE3D}.Release|Any CPU.Build.0 = Release|Any CPU
		{B1BB0DA6-AC77-4F57-BB1A-3AA3361CB223}.Debug|Any CPU.ActiveCfg = Debug|Any CPU
		{B1BB0DA6-AC77-4F57-BB1A-3AA3361CB223}.Debug|Any CPU.Build.0 = Debug|Any CPU
		{B1BB0DA6-AC77-4F57-BB1A-3AA3361CB223}.Release|Any CPU.ActiveCfg = Release|Any CPU
		{B1BB0DA6-AC77-4F57-BB1A-3AA3361CB223}.Release|Any CPU.Build.0 = Release|Any CPU
		{10B6C29E-3B2C-4DC0-AD44-DD38E2A3D20E}.Debug|Any CPU.ActiveCfg = Debug|Any CPU
		{10B6C29E-3B2C-4DC0-AD44-DD38E2A3D20E}.Debug|Any CPU.Build.0 = Debug|Any CPU
		{10B6C29E-3B2C-4DC0-AD44-DD38E2A3D20E}.Release|Any CPU.ActiveCfg = Release|Any CPU
		{10B6C29E-3B2C-4DC0-AD44-DD38E2A3D20E}.Release|Any CPU.Build.0 = Release|Any CPU
		{11C7919E-31E0-419F-9EF8-9DF137C2BCA1}.Debug|Any CPU.ActiveCfg = Debug|Any CPU
		{11C7919E-31E0-419F-9EF8-9DF137C2BCA1}.Debug|Any CPU.Build.0 = Debug|Any CPU
		{11C7919E-31E0-419F-9EF8-9DF137C2BCA1}.Release|Any CPU.ActiveCfg = Release|Any CPU
		{11C7919E-31E0-419F-9EF8-9DF137C2BCA1}.Release|Any CPU.Build.0 = Release|Any CPU
		{0243D4AA-7D6B-4EC5-8C69-D379F96F3A83}.Debug|Any CPU.ActiveCfg = Debug|Any CPU
		{0243D4AA-7D6B-4EC5-8C69-D379F96F3A83}.Debug|Any CPU.Build.0 = Debug|Any CPU
		{0243D4AA-7D6B-4EC5-8C69-D379F96F3A83}.Release|Any CPU.ActiveCfg = Release|Any CPU
		{0243D4AA-7D6B-4EC5-8C69-D379F96F3A83}.Release|Any CPU.Build.0 = Release|Any CPU
		{1C35F3F9-9C00-4637-8297-19939565FA7A}.Debug|Any CPU.ActiveCfg = Debug|Any CPU
		{1C35F3F9-9C00-4637-8297-19939565FA7A}.Debug|Any CPU.Build.0 = Debug|Any CPU
		{1C35F3F9-9C00-4637-8297-19939565FA7A}.Release|Any CPU.ActiveCfg = Release|Any CPU
		{1C35F3F9-9C00-4637-8297-19939565FA7A}.Release|Any CPU.Build.0 = Release|Any CPU
		{2C7498DA-09C2-4869-9B6D-5D40F1E4AF08}.Debug|Any CPU.ActiveCfg = Debug|Any CPU
		{2C7498DA-09C2-4869-9B6D-5D40F1E4AF08}.Debug|Any CPU.Build.0 = Debug|Any CPU
		{2C7498DA-09C2-4869-9B6D-5D40F1E4AF08}.Release|Any CPU.ActiveCfg = Release|Any CPU
		{2C7498DA-09C2-4869-9B6D-5D40F1E4AF08}.Release|Any CPU.Build.0 = Release|Any CPU
		{82CBADC4-4557-4640-A85F-3E2D3BCA56F0}.Debug|Any CPU.ActiveCfg = Debug|Any CPU
		{82CBADC4-4557-4640-A85F-3E2D3BCA56F0}.Debug|Any CPU.Build.0 = Debug|Any CPU
		{82CBADC4-4557-4640-A85F-3E2D3BCA56F0}.Release|Any CPU.ActiveCfg = Release|Any CPU
		{82CBADC4-4557-4640-A85F-3E2D3BCA56F0}.Release|Any CPU.Build.0 = Release|Any CPU
		{E3CAA77E-BB7C-41E3-9F22-E377311E5740}.Debug|Any CPU.ActiveCfg = Debug|Any CPU
		{E3CAA77E-BB7C-41E3-9F22-E377311E5740}.Debug|Any CPU.Build.0 = Debug|Any CPU
		{E3CAA77E-BB7C-41E3-9F22-E377311E5740}.Release|Any CPU.ActiveCfg = Release|Any CPU
		{E3CAA77E-BB7C-41E3-9F22-E377311E5740}.Release|Any CPU.Build.0 = Release|Any CPU
		{588CCCD3-D65F-4B7E-9594-BD900A892705}.Debug|Any CPU.ActiveCfg = Debug|Any CPU
		{588CCCD3-D65F-4B7E-9594-BD900A892705}.Debug|Any CPU.Build.0 = Debug|Any CPU
		{588CCCD3-D65F-4B7E-9594-BD900A892705}.Release|Any CPU.ActiveCfg = Release|Any CPU
		{588CCCD3-D65F-4B7E-9594-BD900A892705}.Release|Any CPU.Build.0 = Release|Any CPU
		{8F28A1BE-D80F-4A3D-B32B-1C238AFC1A35}.Debug|Any CPU.ActiveCfg = Debug|Any CPU
		{8F28A1BE-D80F-4A3D-B32B-1C238AFC1A35}.Debug|Any CPU.Build.0 = Debug|Any CPU
		{8F28A1BE-D80F-4A3D-B32B-1C238AFC1A35}.Release|Any CPU.ActiveCfg = Release|Any CPU
		{8F28A1BE-D80F-4A3D-B32B-1C238AFC1A35}.Release|Any CPU.Build.0 = Release|Any CPU
		{BF917D5B-20C0-464D-888C-7208B0655188}.Debug|Any CPU.ActiveCfg = Debug|Any CPU
		{BF917D5B-20C0-464D-888C-7208B0655188}.Debug|Any CPU.Build.0 = Debug|Any CPU
		{BF917D5B-20C0-464D-888C-7208B0655188}.Release|Any CPU.ActiveCfg = Release|Any CPU
		{BF917D5B-20C0-464D-888C-7208B0655188}.Release|Any CPU.Build.0 = Release|Any CPU
	EndGlobalSection
	GlobalSection(SolutionProperties) = preSolution
		HideSolutionNode = FALSE
	EndGlobalSection
	GlobalSection(NestedProjects) = preSolution
		{ED4CEDC0-E22A-487D-BB40-AAF6C2A257EF} = {05D25DA0-0616-4BCE-A102-588676A63CCB}
		{C4785496-A7BF-4BA7-85AC-1D84E168C339} = {ED4CEDC0-E22A-487D-BB40-AAF6C2A257EF}
		{0A569263-A8F6-4D21-81C0-841B025134D6} = {05D25DA0-0616-4BCE-A102-588676A63CCB}
		{4F954D50-F5B8-4C4E-A5F1-23DDE30241EF} = {0A569263-A8F6-4D21-81C0-841B025134D6}
		{326BA82A-AC04-4ED1-BE99-51CD726471B5} = {0A569263-A8F6-4D21-81C0-841B025134D6}
		{FE1057A1-726B-45F8-93BF-E18413CF5321} = {0A569263-A8F6-4D21-81C0-841B025134D6}
		{F831087B-F6A4-4FD6-8DEA-66EE7D496194} = {0A569263-A8F6-4D21-81C0-841B025134D6}
		{C8667456-B637-4C7C-BEA0-9302D2A5EE3D} = {DD5A2BB9-194D-4A58-9406-F07F871A010B}
		{3DB34D96-5A4A-4EEC-90F4-98FB595979CE} = {05D25DA0-0616-4BCE-A102-588676A63CCB}
		{B1BB0DA6-AC77-4F57-BB1A-3AA3361CB223} = {3DB34D96-5A4A-4EEC-90F4-98FB595979CE}
		{10B6C29E-3B2C-4DC0-AD44-DD38E2A3D20E} = {3DB34D96-5A4A-4EEC-90F4-98FB595979CE}
		{11C7919E-31E0-419F-9EF8-9DF137C2BCA1} = {3DB34D96-5A4A-4EEC-90F4-98FB595979CE}
		{0243D4AA-7D6B-4EC5-8C69-D379F96F3A83} = {3DB34D96-5A4A-4EEC-90F4-98FB595979CE}
		{1C35F3F9-9C00-4637-8297-19939565FA7A} = {ED4CEDC0-E22A-487D-BB40-AAF6C2A257EF}
		{2C7498DA-09C2-4869-9B6D-5D40F1E4AF08} = {ED4CEDC0-E22A-487D-BB40-AAF6C2A257EF}
		{82CBADC4-4557-4640-A85F-3E2D3BCA56F0} = {ED4CEDC0-E22A-487D-BB40-AAF6C2A257EF}
		{41100E7C-CC3D-4C21-954D-4CD937972576} = {05D25DA0-0616-4BCE-A102-588676A63CCB}
		{E3CAA77E-BB7C-41E3-9F22-E377311E5740} = {41100E7C-CC3D-4C21-954D-4CD937972576}
		{588CCCD3-D65F-4B7E-9594-BD900A892705} = {41100E7C-CC3D-4C21-954D-4CD937972576}
		{8F28A1BE-D80F-4A3D-B32B-1C238AFC1A35} = {41100E7C-CC3D-4C21-954D-4CD937972576}
		{BF917D5B-20C0-464D-888C-7208B0655188} = {41100E7C-CC3D-4C21-954D-4CD937972576}
	EndGlobalSection
	GlobalSection(ExtensibilityGlobals) = postSolution
		SolutionGuid = {9DE1C122-9C88-48B6-A90A-3A4DBFBA0C76}
	EndGlobalSection
EndGlobal
